
Microsoft Visual Studio Solution File, Format Version 12.00
# Visual Studio Version 17
VisualStudioVersion = 17.0.31903.59
MinimumVisualStudioVersion = 10.0.40219.1
Project("{FAE04EC0-301F-11D3-BF4B-00C04F79EFBC}") = "SMSXmlToCsv.Core", "SMSXmlToCsv.Core\SMSXmlToCsv.Core.csproj", "{B1711477-6E3C-436E-9472-008D01A35EED}"
EndProject
Project("{FAE04EC0-301F-11D3-BF4B-00C04F79EFBC}") = "SMSXmlToCsv.Tests", "SMSXmlToCsv.Tests\SMSXmlToCsv.Tests.csproj", "{86FB1451-F205-43E4-BD61-D9A6BFC95C6F}"
EndProject
Global
	GlobalSection(SolutionConfigurationPlatforms) = preSolution
		Debug|Any CPU = Debug|Any CPU
		Debug|x64 = Debug|x64
		Debug|x86 = Debug|x86
		Release|Any CPU = Release|Any CPU
		Release|x64 = Release|x64
		Release|x86 = Release|x86
	EndGlobalSection
	GlobalSection(ProjectConfigurationPlatforms) = postSolution
		{B1711477-6E3C-436E-9472-008D01A35EED}.Debug|Any CPU.ActiveCfg = Debug|Any CPU
		{B1711477-6E3C-436E-9472-008D01A35EED}.Debug|Any CPU.Build.0 = Debug|Any CPU
		{B1711477-6E3C-436E-9472-008D01A35EED}.Debug|x64.ActiveCfg = Debug|Any CPU
		{B1711477-6E3C-436E-9472-008D01A35EED}.Debug|x64.Build.0 = Debug|Any CPU
		{B1711477-6E3C-436E-9472-008D01A35EED}.Debug|x86.ActiveCfg = Debug|Any CPU
		{B1711477-6E3C-436E-9472-008D01A35EED}.Debug|x86.Build.0 = Debug|Any CPU
		{B1711477-6E3C-436E-9472-008D01A35EED}.Release|Any CPU.ActiveCfg = Release|Any CPU
		{B1711477-6E3C-436E-9472-008D01A35EED}.Release|Any CPU.Build.0 = Release|Any CPU
		{B1711477-6E3C-436E-9472-008D01A35EED}.Release|x64.ActiveCfg = Release|Any CPU
		{B1711477-6E3C-436E-9472-008D01A35EED}.Release|x64.Build.0 = Release|Any CPU
		{B1711477-6E3C-436E-9472-008D01A35EED}.Release|x86.ActiveCfg = Release|Any CPU
		{B1711477-6E3C-436E-9472-008D01A35EED}.Release|x86.Build.0 = Release|Any CPU
		{86FB1451-F205-43E4-BD61-D9A6BFC95C6F}.Debug|Any CPU.ActiveCfg = Debug|Any CPU
		{86FB1451-F205-43E4-BD61-D9A6BFC95C6F}.Debug|Any CPU.Build.0 = Debug|Any CPU
		{86FB1451-F205-43E4-BD61-D9A6BFC95C6F}.Debug|x64.ActiveCfg = Debug|Any CPU
		{86FB1451-F205-43E4-BD61-D9A6BFC95C6F}.Debug|x64.Build.0 = Debug|Any CPU
		{86FB1451-F205-43E4-BD61-D9A6BFC95C6F}.Debug|x86.ActiveCfg = Debug|Any CPU
		{86FB1451-F205-43E4-BD61-D9A6BFC95C6F}.Debug|x86.Build.0 = Debug|Any CPU
		{86FB1451-F205-43E4-BD61-D9A6BFC95C6F}.Release|Any CPU.ActiveCfg = Release|Any CPU
		{86FB1451-F205-43E4-BD61-D9A6BFC95C6F}.Release|Any CPU.Build.0 = Release|Any CPU
		{86FB1451-F205-43E4-BD61-D9A6BFC95C6F}.Release|x64.ActiveCfg = Release|Any CPU
		{86FB1451-F205-43E4-BD61-D9A6BFC95C6F}.Release|x64.Build.0 = Release|Any CPU
		{86FB1451-F205-43E4-BD61-D9A6BFC95C6F}.Release|x86.ActiveCfg = Release|Any CPU
		{86FB1451-F205-43E4-BD61-D9A6BFC95C6F}.Release|x86.Build.0 = Release|Any CPU
	EndGlobalSection
	GlobalSection(SolutionProperties) = preSolution
		HideSolutionNode = FALSE
	EndGlobalSection
EndGlobal
